
Microsoft Visual Studio Solution File, Format Version 12.00
# Visual Studio Version 17
VisualStudioVersion = 17.1.32421.90
MinimumVisualStudioVersion = 10.0.40219.1
Project("{9A19103F-16F7-4668-BE54-9A1E7A4F7556}") = "Api", "Api\Api.csproj", "{8D8A122B-5F56-4ED4-BB4D-B63F15677BF4}"
EndProject
Project("{9A19103F-16F7-4668-BE54-9A1E7A4F7556}") = "Core", "Core\Core.csproj", "{566178B6-C948-49C7-8643-31AF89115AC2}"
EndProject
Project("{9A19103F-16F7-4668-BE54-9A1E7A4F7556}") = "Infrastructure", "Infrastructure\Infrastructure.csproj", "{53E346E8-7672-4B09-B385-E56D65D99B65}"
EndProject
Project("{2150E333-8FDC-42A3-9474-1A3956D46DE8}") = "Solution Items", "Solution Items", "{CE5F3F08-5EC7-4482-9655-441120F453B3}"
	ProjectSection(SolutionItems) = preProject
		.gitignore = .gitignore
	EndProjectSection
EndProject
Global
	GlobalSection(SolutionConfigurationPlatforms) = preSolution
		Debug|Any CPU = Debug|Any CPU
		Release|Any CPU = Release|Any CPU
	EndGlobalSection
	GlobalSection(ProjectConfigurationPlatforms) = postSolution
		{8D8A122B-5F56-4ED4-BB4D-B63F15677BF4}.Debug|Any CPU.ActiveCfg = Debug|Any CPU
		{8D8A122B-5F56-4ED4-BB4D-B63F15677BF4}.Debug|Any CPU.Build.0 = Debug|Any CPU
		{8D8A122B-5F56-4ED4-BB4D-B63F15677BF4}.Release|Any CPU.ActiveCfg = Release|Any CPU
		{8D8A122B-5F56-4ED4-BB4D-B63F15677BF4}.Release|Any CPU.Build.0 = Release|Any CPU
		{566178B6-C948-49C7-8643-31AF89115AC2}.Debug|Any CPU.ActiveCfg = Debug|Any CPU
		{566178B6-C948-49C7-8643-31AF89115AC2}.Debug|Any CPU.Build.0 = Debug|Any CPU
		{566178B6-C948-49C7-8643-31AF89115AC2}.Release|Any CPU.ActiveCfg = Release|Any CPU
		{566178B6-C948-49C7-8643-31AF89115AC2}.Release|Any CPU.Build.0 = Release|Any CPU
		{53E346E8-7672-4B09-B385-E56D65D99B65}.Debug|Any CPU.ActiveCfg = Debug|Any CPU
		{53E346E8-7672-4B09-B385-E56D65D99B65}.Debug|Any CPU.Build.0 = Debug|Any CPU
		{53E346E8-7672-4B09-B385-E56D65D99B65}.Release|Any CPU.ActiveCfg = Release|Any CPU
		{53E346E8-7672-4B09-B385-E56D65D99B65}.Release|Any CPU.Build.0 = Release|Any CPU
	EndGlobalSection
	GlobalSection(SolutionProperties) = preSolution
		HideSolutionNode = FALSE
	EndGlobalSection
	GlobalSection(ExtensibilityGlobals) = postSolution
		SolutionGuid = {45F0F977-ADE2-4D05-9404-48DAB4E5F88B}
	EndGlobalSection
EndGlobal
